// !$*UTF8*$!
{
	archiveVersion = 1;
	classes = {
	};
	objectVersion = 77;
	objects = {

/* Begin PBXBuildFile section */
		D45C21142CB4979D00AA68B7 /* FirebaseAnalytics in Frameworks */ = {isa = PBXBuildFile; productRef = D45C21132CB4979D00AA68B7 /* FirebaseAnalytics */; };
		D45C21162CB4979D00AA68B7 /* FirebaseAnalyticsOnDeviceConversion in Frameworks */ = {isa = PBXBuildFile; productRef = D45C21152CB4979D00AA68B7 /* FirebaseAnalyticsOnDeviceConversion */; };
		D45C21182CB4979D00AA68B7 /* FirebaseAnalyticsWithoutAdIdSupport in Frameworks */ = {isa = PBXBuildFile; productRef = D45C21172CB4979D00AA68B7 /* FirebaseAnalyticsWithoutAdIdSupport */; };
		D45C211A2CB4979D00AA68B7 /* FirebaseAppCheck in Frameworks */ = {isa = PBXBuildFile; productRef = D45C21192CB4979D00AA68B7 /* FirebaseAppCheck */; };
		D45C211C2CB4979D00AA68B7 /* FirebaseAppDistribution-Beta in Frameworks */ = {isa = PBXBuildFile; productRef = D45C211B2CB4979D00AA68B7 /* FirebaseAppDistribution-Beta */; };
		D45C211E2CB4979D00AA68B7 /* FirebaseAuth in Frameworks */ = {isa = PBXBuildFile; productRef = D45C211D2CB4979D00AA68B7 /* FirebaseAuth */; };
		D45C21202CB4979D00AA68B7 /* FirebaseAuthCombine-Community in Frameworks */ = {isa = PBXBuildFile; productRef = D45C211F2CB4979D00AA68B7 /* FirebaseAuthCombine-Community */; };
		D45C21222CB4979D00AA68B7 /* FirebaseCore in Frameworks */ = {isa = PBXBuildFile; productRef = D45C21212CB4979D00AA68B7 /* FirebaseCore */; };
		D45C21242CB4979D00AA68B7 /* FirebaseCrashlytics in Frameworks */ = {isa = PBXBuildFile; productRef = D45C21232CB4979D00AA68B7 /* FirebaseCrashlytics */; };
		D45C21262CB4979D00AA68B7 /* FirebaseDatabase in Frameworks */ = {isa = PBXBuildFile; productRef = D45C21252CB4979D00AA68B7 /* FirebaseDatabase */; };
		D45C21282CB4979D00AA68B7 /* FirebaseDynamicLinks in Frameworks */ = {isa = PBXBuildFile; productRef = D45C21272CB4979D00AA68B7 /* FirebaseDynamicLinks */; };
		D45C212A2CB4979D00AA68B7 /* FirebaseFirestore in Frameworks */ = {isa = PBXBuildFile; productRef = D45C21292CB4979D00AA68B7 /* FirebaseFirestore */; };
		D45C212C2CB4979D00AA68B7 /* FirebaseFirestoreCombine-Community in Frameworks */ = {isa = PBXBuildFile; productRef = D45C212B2CB4979D00AA68B7 /* FirebaseFirestoreCombine-Community */; };
		D45C212E2CB4979D00AA68B7 /* FirebaseFunctions in Frameworks */ = {isa = PBXBuildFile; productRef = D45C212D2CB4979D00AA68B7 /* FirebaseFunctions */; };
		D45C21302CB4979D00AA68B7 /* FirebaseFunctionsCombine-Community in Frameworks */ = {isa = PBXBuildFile; productRef = D45C212F2CB4979D00AA68B7 /* FirebaseFunctionsCombine-Community */; };
		D45C21322CB4979D00AA68B7 /* FirebaseInAppMessaging-Beta in Frameworks */ = {isa = PBXBuildFile; productRef = D45C21312CB4979D00AA68B7 /* FirebaseInAppMessaging-Beta */; };
		D45C21342CB4979D00AA68B7 /* FirebaseInstallations in Frameworks */ = {isa = PBXBuildFile; productRef = D45C21332CB4979D00AA68B7 /* FirebaseInstallations */; };
		D45C21362CB4979D00AA68B7 /* FirebaseMLModelDownloader in Frameworks */ = {isa = PBXBuildFile; productRef = D45C21352CB4979D00AA68B7 /* FirebaseMLModelDownloader */; };
		D45C21382CB4979D00AA68B7 /* FirebaseMessaging in Frameworks */ = {isa = PBXBuildFile; productRef = D45C21372CB4979D00AA68B7 /* FirebaseMessaging */; };
		D45C213A2CB4979D00AA68B7 /* FirebasePerformance in Frameworks */ = {isa = PBXBuildFile; productRef = D45C21392CB4979D00AA68B7 /* FirebasePerformance */; };
		D45C213C2CB4979D00AA68B7 /* FirebaseRemoteConfig in Frameworks */ = {isa = PBXBuildFile; productRef = D45C213B2CB4979D00AA68B7 /* FirebaseRemoteConfig */; };
		D45C213E2CB4979D00AA68B7 /* FirebaseStorage in Frameworks */ = {isa = PBXBuildFile; productRef = D45C213D2CB4979D00AA68B7 /* FirebaseStorage */; };
		D45C21402CB4979D00AA68B7 /* FirebaseStorageCombine-Community in Frameworks */ = {isa = PBXBuildFile; productRef = D45C213F2CB4979D00AA68B7 /* FirebaseStorageCombine-Community */; };
		D45C21422CB4979D00AA68B7 /* FirebaseVertexAI-Preview in Frameworks */ = {isa = PBXBuildFile; productRef = D45C21412CB4979D00AA68B7 /* FirebaseVertexAI-Preview */; };
/* End PBXBuildFile section */

/* Begin PBXContainerItemProxy section */
		D4DFDEBB2CA6105B006D5EDC /* PBXContainerItemProxy */ = {
			isa = PBXContainerItemProxy;
			containerPortal = D4DFDEA22CA61059006D5EDC /* Project object */;
			proxyType = 1;
			remoteGlobalIDString = D4DFDEA92CA61059006D5EDC;
			remoteInfo = FairShare;
		};
		D4DFDEC52CA6105B006D5EDC /* PBXContainerItemProxy */ = {
			isa = PBXContainerItemProxy;
			containerPortal = D4DFDEA22CA61059006D5EDC /* Project object */;
			proxyType = 1;
			remoteGlobalIDString = D4DFDEA92CA61059006D5EDC;
			remoteInfo = FairShare;
		};
/* End PBXContainerItemProxy section */

/* Begin PBXFileReference section */
		D4DFDEAA2CA61059006D5EDC /* FairShare.app */ = {isa = PBXFileReference; explicitFileType = wrapper.application; includeInIndex = 0; path = FairShare.app; sourceTree = BUILT_PRODUCTS_DIR; };
		D4DFDEBA2CA6105B006D5EDC /* FairShareTests.xctest */ = {isa = PBXFileReference; explicitFileType = wrapper.cfbundle; includeInIndex = 0; path = FairShareTests.xctest; sourceTree = BUILT_PRODUCTS_DIR; };
		D4DFDEC42CA6105B006D5EDC /* FairShareUITests.xctest */ = {isa = PBXFileReference; explicitFileType = wrapper.cfbundle; includeInIndex = 0; path = FairShareUITests.xctest; sourceTree = BUILT_PRODUCTS_DIR; };
/* End PBXFileReference section */

/* Begin PBXFileSystemSynchronizedBuildFileExceptionSet section */
		D45C217F2CB4B1B900AA68B7 /* Exceptions for "FairShare" folder in "FairShare" target */ = {
			isa = PBXFileSystemSynchronizedBuildFileExceptionSet;
			membershipExceptions = (
				Info.plist,
			);
			target = D4DFDEA92CA61059006D5EDC /* FairShare */;
		};
/* End PBXFileSystemSynchronizedBuildFileExceptionSet section */

/* Begin PBXFileSystemSynchronizedRootGroup section */
		D4DFDEAC2CA61059006D5EDC /* FairShare */ = {
			isa = PBXFileSystemSynchronizedRootGroup;
			exceptions = (
				D45C217F2CB4B1B900AA68B7 /* Exceptions for "FairShare" folder in "FairShare" target */,
			);
			path = FairShare;
			sourceTree = "<group>";
		};
		D4DFDEBD2CA6105B006D5EDC /* FairShareTests */ = {
			isa = PBXFileSystemSynchronizedRootGroup;
			path = FairShareTests;
			sourceTree = "<group>";
		};
		D4DFDEC72CA6105B006D5EDC /* FairShareUITests */ = {
			isa = PBXFileSystemSynchronizedRootGroup;
			path = FairShareUITests;
			sourceTree = "<group>";
		};
/* End PBXFileSystemSynchronizedRootGroup section */

/* Begin PBXFrameworksBuildPhase section */
		D4DFDEA72CA61059006D5EDC /* Frameworks */ = {
			isa = PBXFrameworksBuildPhase;
			buildActionMask = 2147483647;
			files = (
				D45C21422CB4979D00AA68B7 /* FirebaseVertexAI-Preview in Frameworks */,
				D45C212C2CB4979D00AA68B7 /* FirebaseFirestoreCombine-Community in Frameworks */,
				D45C212E2CB4979D00AA68B7 /* FirebaseFunctions in Frameworks */,
				D45C213A2CB4979D00AA68B7 /* FirebasePerformance in Frameworks */,
				D45C21402CB4979D00AA68B7 /* FirebaseStorageCombine-Community in Frameworks */,
				D45C213C2CB4979D00AA68B7 /* FirebaseRemoteConfig in Frameworks */,
				D45C21262CB4979D00AA68B7 /* FirebaseDatabase in Frameworks */,
				D45C21282CB4979D00AA68B7 /* FirebaseDynamicLinks in Frameworks */,
				D45C211A2CB4979D00AA68B7 /* FirebaseAppCheck in Frameworks */,
				D45C211E2CB4979D00AA68B7 /* FirebaseAuth in Frameworks */,
				D45C21142CB4979D00AA68B7 /* FirebaseAnalytics in Frameworks */,
				D45C212A2CB4979D00AA68B7 /* FirebaseFirestore in Frameworks */,
				D45C21382CB4979D00AA68B7 /* FirebaseMessaging in Frameworks */,
				D45C21342CB4979D00AA68B7 /* FirebaseInstallations in Frameworks */,
				D45C21302CB4979D00AA68B7 /* FirebaseFunctionsCombine-Community in Frameworks */,
				D45C211C2CB4979D00AA68B7 /* FirebaseAppDistribution-Beta in Frameworks */,
				D45C21182CB4979D00AA68B7 /* FirebaseAnalyticsWithoutAdIdSupport in Frameworks */,
				D45C21322CB4979D00AA68B7 /* FirebaseInAppMessaging-Beta in Frameworks */,
				D45C21202CB4979D00AA68B7 /* FirebaseAuthCombine-Community in Frameworks */,
				D45C21242CB4979D00AA68B7 /* FirebaseCrashlytics in Frameworks */,
				D45C21362CB4979D00AA68B7 /* FirebaseMLModelDownloader in Frameworks */,
				D45C213E2CB4979D00AA68B7 /* FirebaseStorage in Frameworks */,
				D45C21222CB4979D00AA68B7 /* FirebaseCore in Frameworks */,
				D45C21162CB4979D00AA68B7 /* FirebaseAnalyticsOnDeviceConversion in Frameworks */,
			);
			runOnlyForDeploymentPostprocessing = 0;
		};
		D4DFDEB72CA6105B006D5EDC /* Frameworks */ = {
			isa = PBXFrameworksBuildPhase;
			buildActionMask = 2147483647;
			files = (
			);
			runOnlyForDeploymentPostprocessing = 0;
		};
		D4DFDEC12CA6105B006D5EDC /* Frameworks */ = {
			isa = PBXFrameworksBuildPhase;
			buildActionMask = 2147483647;
			files = (
			);
			runOnlyForDeploymentPostprocessing = 0;
		};
/* End PBXFrameworksBuildPhase section */

/* Begin PBXGroup section */
		D4DFDEA12CA61059006D5EDC = {
			isa = PBXGroup;
			children = (
				D4DFDEAC2CA61059006D5EDC /* FairShare */,
				D4DFDEBD2CA6105B006D5EDC /* FairShareTests */,
				D4DFDEC72CA6105B006D5EDC /* FairShareUITests */,
				D4DFDEAB2CA61059006D5EDC /* Products */,
			);
			sourceTree = "<group>";
		};
		D4DFDEAB2CA61059006D5EDC /* Products */ = {
			isa = PBXGroup;
			children = (
				D4DFDEAA2CA61059006D5EDC /* FairShare.app */,
				D4DFDEBA2CA6105B006D5EDC /* FairShareTests.xctest */,
				D4DFDEC42CA6105B006D5EDC /* FairShareUITests.xctest */,
			);
			name = Products;
			sourceTree = "<group>";
		};
/* End PBXGroup section */

/* Begin PBXNativeTarget section */
		D4DFDEA92CA61059006D5EDC /* FairShare */ = {
			isa = PBXNativeTarget;
			buildConfigurationList = D4DFDECE2CA6105B006D5EDC /* Build configuration list for PBXNativeTarget "FairShare" */;
			buildPhases = (
				D4DFDEA62CA61059006D5EDC /* Sources */,
				D4DFDEA72CA61059006D5EDC /* Frameworks */,
				D4DFDEA82CA61059006D5EDC /* Resources */,
			);
			buildRules = (
			);
			dependencies = (
			);
			fileSystemSynchronizedGroups = (
				D4DFDEAC2CA61059006D5EDC /* FairShare */,
			);
			name = FairShare;
			packageProductDependencies = (
				D45C21132CB4979D00AA68B7 /* FirebaseAnalytics */,
				D45C21152CB4979D00AA68B7 /* FirebaseAnalyticsOnDeviceConversion */,
				D45C21172CB4979D00AA68B7 /* FirebaseAnalyticsWithoutAdIdSupport */,
				D45C21192CB4979D00AA68B7 /* FirebaseAppCheck */,
				D45C211B2CB4979D00AA68B7 /* FirebaseAppDistribution-Beta */,
				D45C211D2CB4979D00AA68B7 /* FirebaseAuth */,
				D45C211F2CB4979D00AA68B7 /* FirebaseAuthCombine-Community */,
				D45C21212CB4979D00AA68B7 /* FirebaseCore */,
				D45C21232CB4979D00AA68B7 /* FirebaseCrashlytics */,
				D45C21252CB4979D00AA68B7 /* FirebaseDatabase */,
				D45C21272CB4979D00AA68B7 /* FirebaseDynamicLinks */,
				D45C21292CB4979D00AA68B7 /* FirebaseFirestore */,
				D45C212B2CB4979D00AA68B7 /* FirebaseFirestoreCombine-Community */,
				D45C212D2CB4979D00AA68B7 /* FirebaseFunctions */,
				D45C212F2CB4979D00AA68B7 /* FirebaseFunctionsCombine-Community */,
				D45C21312CB4979D00AA68B7 /* FirebaseInAppMessaging-Beta */,
				D45C21332CB4979D00AA68B7 /* FirebaseInstallations */,
				D45C21352CB4979D00AA68B7 /* FirebaseMLModelDownloader */,
				D45C21372CB4979D00AA68B7 /* FirebaseMessaging */,
				D45C21392CB4979D00AA68B7 /* FirebasePerformance */,
				D45C213B2CB4979D00AA68B7 /* FirebaseRemoteConfig */,
				D45C213D2CB4979D00AA68B7 /* FirebaseStorage */,
				D45C213F2CB4979D00AA68B7 /* FirebaseStorageCombine-Community */,
				D45C21412CB4979D00AA68B7 /* FirebaseVertexAI-Preview */,
			);
			productName = FairShare;
			productReference = D4DFDEAA2CA61059006D5EDC /* FairShare.app */;
			productType = "com.apple.product-type.application";
		};
		D4DFDEB92CA6105B006D5EDC /* FairShareTests */ = {
			isa = PBXNativeTarget;
			buildConfigurationList = D4DFDED12CA6105B006D5EDC /* Build configuration list for PBXNativeTarget "FairShareTests" */;
			buildPhases = (
				D4DFDEB62CA6105B006D5EDC /* Sources */,
				D4DFDEB72CA6105B006D5EDC /* Frameworks */,
				D4DFDEB82CA6105B006D5EDC /* Resources */,
			);
			buildRules = (
			);
			dependencies = (
				D4DFDEBC2CA6105B006D5EDC /* PBXTargetDependency */,
			);
			fileSystemSynchronizedGroups = (
				D4DFDEBD2CA6105B006D5EDC /* FairShareTests */,
			);
			name = FairShareTests;
			packageProductDependencies = (
			);
			productName = FairShareTests;
			productReference = D4DFDEBA2CA6105B006D5EDC /* FairShareTests.xctest */;
			productType = "com.apple.product-type.bundle.unit-test";
		};
		D4DFDEC32CA6105B006D5EDC /* FairShareUITests */ = {
			isa = PBXNativeTarget;
			buildConfigurationList = D4DFDED42CA6105B006D5EDC /* Build configuration list for PBXNativeTarget "FairShareUITests" */;
			buildPhases = (
				D4DFDEC02CA6105B006D5EDC /* Sources */,
				D4DFDEC12CA6105B006D5EDC /* Frameworks */,
				D4DFDEC22CA6105B006D5EDC /* Resources */,
			);
			buildRules = (
			);
			dependencies = (
				D4DFDEC62CA6105B006D5EDC /* PBXTargetDependency */,
			);
			fileSystemSynchronizedGroups = (
				D4DFDEC72CA6105B006D5EDC /* FairShareUITests */,
			);
			name = FairShareUITests;
			packageProductDependencies = (
			);
			productName = FairShareUITests;
			productReference = D4DFDEC42CA6105B006D5EDC /* FairShareUITests.xctest */;
			productType = "com.apple.product-type.bundle.ui-testing";
		};
/* End PBXNativeTarget section */

/* Begin PBXProject section */
		D4DFDEA22CA61059006D5EDC /* Project object */ = {
			isa = PBXProject;
			attributes = {
				BuildIndependentTargetsInParallel = 1;
				LastSwiftUpdateCheck = 1600;
				LastUpgradeCheck = 1600;
				TargetAttributes = {
					D4DFDEA92CA61059006D5EDC = {
						CreatedOnToolsVersion = 16.0;
					};
					D4DFDEB92CA6105B006D5EDC = {
						CreatedOnToolsVersion = 16.0;
						TestTargetID = D4DFDEA92CA61059006D5EDC;
					};
					D4DFDEC32CA6105B006D5EDC = {
						CreatedOnToolsVersion = 16.0;
						TestTargetID = D4DFDEA92CA61059006D5EDC;
					};
				};
			};
			buildConfigurationList = D4DFDEA52CA61059006D5EDC /* Build configuration list for PBXProject "FairShare" */;
			developmentRegion = en;
			hasScannedForEncodings = 0;
			knownRegions = (
				en,
				Base,
			);
			mainGroup = D4DFDEA12CA61059006D5EDC;
			minimizedProjectReferenceProxies = 1;
			packageReferences = (
				D45C21122CB4979D00AA68B7 /* XCRemoteSwiftPackageReference "firebase-ios-sdk" */,
			);
			preferredProjectObjectVersion = 77;
			productRefGroup = D4DFDEAB2CA61059006D5EDC /* Products */;
			projectDirPath = "";
			projectRoot = "";
			targets = (
				D4DFDEA92CA61059006D5EDC /* FairShare */,
				D4DFDEB92CA6105B006D5EDC /* FairShareTests */,
				D4DFDEC32CA6105B006D5EDC /* FairShareUITests */,
			);
		};
/* End PBXProject section */

/* Begin PBXResourcesBuildPhase section */
		D4DFDEA82CA61059006D5EDC /* Resources */ = {
			isa = PBXResourcesBuildPhase;
			buildActionMask = 2147483647;
			files = (
			);
			runOnlyForDeploymentPostprocessing = 0;
		};
		D4DFDEB82CA6105B006D5EDC /* Resources */ = {
			isa = PBXResourcesBuildPhase;
			buildActionMask = 2147483647;
			files = (
			);
			runOnlyForDeploymentPostprocessing = 0;
		};
		D4DFDEC22CA6105B006D5EDC /* Resources */ = {
			isa = PBXResourcesBuildPhase;
			buildActionMask = 2147483647;
			files = (
			);
			runOnlyForDeploymentPostprocessing = 0;
		};
/* End PBXResourcesBuildPhase section */

/* Begin PBXSourcesBuildPhase section */
		D4DFDEA62CA61059006D5EDC /* Sources */ = {
			isa = PBXSourcesBuildPhase;
			buildActionMask = 2147483647;
			files = (
			);
			runOnlyForDeploymentPostprocessing = 0;
		};
		D4DFDEB62CA6105B006D5EDC /* Sources */ = {
			isa = PBXSourcesBuildPhase;
			buildActionMask = 2147483647;
			files = (
			);
			runOnlyForDeploymentPostprocessing = 0;
		};
		D4DFDEC02CA6105B006D5EDC /* Sources */ = {
			isa = PBXSourcesBuildPhase;
			buildActionMask = 2147483647;
			files = (
			);
			runOnlyForDeploymentPostprocessing = 0;
		};
/* End PBXSourcesBuildPhase section */

/* Begin PBXTargetDependency section */
		D4DFDEBC2CA6105B006D5EDC /* PBXTargetDependency */ = {
			isa = PBXTargetDependency;
			target = D4DFDEA92CA61059006D5EDC /* FairShare */;
			targetProxy = D4DFDEBB2CA6105B006D5EDC /* PBXContainerItemProxy */;
		};
		D4DFDEC62CA6105B006D5EDC /* PBXTargetDependency */ = {
			isa = PBXTargetDependency;
			target = D4DFDEA92CA61059006D5EDC /* FairShare */;
			targetProxy = D4DFDEC52CA6105B006D5EDC /* PBXContainerItemProxy */;
		};
/* End PBXTargetDependency section */

/* Begin XCBuildConfiguration section */
		D4DFDECC2CA6105B006D5EDC /* Debug */ = {
			isa = XCBuildConfiguration;
			buildSettings = {
				ALWAYS_SEARCH_USER_PATHS = NO;
				ASSETCATALOG_COMPILER_GENERATE_SWIFT_ASSET_SYMBOL_EXTENSIONS = YES;
				CLANG_ANALYZER_NONNULL = YES;
				CLANG_ANALYZER_NUMBER_OBJECT_CONVERSION = YES_AGGRESSIVE;
				CLANG_CXX_LANGUAGE_STANDARD = "gnu++20";
				CLANG_ENABLE_MODULES = YES;
				CLANG_ENABLE_OBJC_ARC = YES;
				CLANG_ENABLE_OBJC_WEAK = YES;
				CLANG_WARN_BLOCK_CAPTURE_AUTORELEASING = YES;
				CLANG_WARN_BOOL_CONVERSION = YES;
				CLANG_WARN_COMMA = YES;
				CLANG_WARN_CONSTANT_CONVERSION = YES;
				CLANG_WARN_DEPRECATED_OBJC_IMPLEMENTATIONS = YES;
				CLANG_WARN_DIRECT_OBJC_ISA_USAGE = YES_ERROR;
				CLANG_WARN_DOCUMENTATION_COMMENTS = YES;
				CLANG_WARN_EMPTY_BODY = YES;
				CLANG_WARN_ENUM_CONVERSION = YES;
				CLANG_WARN_INFINITE_RECURSION = YES;
				CLANG_WARN_INT_CONVERSION = YES;
				CLANG_WARN_NON_LITERAL_NULL_CONVERSION = YES;
				CLANG_WARN_OBJC_IMPLICIT_RETAIN_SELF = YES;
				CLANG_WARN_OBJC_LITERAL_CONVERSION = YES;
				CLANG_WARN_OBJC_ROOT_CLASS = YES_ERROR;
				CLANG_WARN_QUOTED_INCLUDE_IN_FRAMEWORK_HEADER = YES;
				CLANG_WARN_RANGE_LOOP_ANALYSIS = YES;
				CLANG_WARN_STRICT_PROTOTYPES = YES;
				CLANG_WARN_SUSPICIOUS_MOVE = YES;
				CLANG_WARN_UNGUARDED_AVAILABILITY = YES_AGGRESSIVE;
				CLANG_WARN_UNREACHABLE_CODE = YES;
				CLANG_WARN__DUPLICATE_METHOD_MATCH = YES;
				COPY_PHASE_STRIP = NO;
				DEBUG_INFORMATION_FORMAT = dwarf;
				ENABLE_STRICT_OBJC_MSGSEND = YES;
				ENABLE_TESTABILITY = YES;
				ENABLE_USER_SCRIPT_SANDBOXING = YES;
				GCC_C_LANGUAGE_STANDARD = gnu17;
				GCC_DYNAMIC_NO_PIC = NO;
				GCC_NO_COMMON_BLOCKS = YES;
				GCC_OPTIMIZATION_LEVEL = 0;
				GCC_PREPROCESSOR_DEFINITIONS = (
					"DEBUG=1",
					"$(inherited)",
				);
				GCC_WARN_64_TO_32_BIT_CONVERSION = YES;
				GCC_WARN_ABOUT_RETURN_TYPE = YES_ERROR;
				GCC_WARN_UNDECLARED_SELECTOR = YES;
				GCC_WARN_UNINITIALIZED_AUTOS = YES_AGGRESSIVE;
				GCC_WARN_UNUSED_FUNCTION = YES;
				GCC_WARN_UNUSED_VARIABLE = YES;
				IPHONEOS_DEPLOYMENT_TARGET = 15.6;
				LOCALIZATION_PREFERS_STRING_CATALOGS = YES;
				MTL_ENABLE_DEBUG_INFO = INCLUDE_SOURCE;
				MTL_FAST_MATH = YES;
				ONLY_ACTIVE_ARCH = YES;
				SDKROOT = iphoneos;
				SWIFT_ACTIVE_COMPILATION_CONDITIONS = "DEBUG $(inherited)";
				SWIFT_OPTIMIZATION_LEVEL = "-Onone";
			};
			name = Debug;
		};
		D4DFDECD2CA6105B006D5EDC /* Release */ = {
			isa = XCBuildConfiguration;
			buildSettings = {
				ALWAYS_SEARCH_USER_PATHS = NO;
				ASSETCATALOG_COMPILER_GENERATE_SWIFT_ASSET_SYMBOL_EXTENSIONS = YES;
				CLANG_ANALYZER_NONNULL = YES;
				CLANG_ANALYZER_NUMBER_OBJECT_CONVERSION = YES_AGGRESSIVE;
				CLANG_CXX_LANGUAGE_STANDARD = "gnu++20";
				CLANG_ENABLE_MODULES = YES;
				CLANG_ENABLE_OBJC_ARC = YES;
				CLANG_ENABLE_OBJC_WEAK = YES;
				CLANG_WARN_BLOCK_CAPTURE_AUTORELEASING = YES;
				CLANG_WARN_BOOL_CONVERSION = YES;
				CLANG_WARN_COMMA = YES;
				CLANG_WARN_CONSTANT_CONVERSION = YES;
				CLANG_WARN_DEPRECATED_OBJC_IMPLEMENTATIONS = YES;
				CLANG_WARN_DIRECT_OBJC_ISA_USAGE = YES_ERROR;
				CLANG_WARN_DOCUMENTATION_COMMENTS = YES;
				CLANG_WARN_EMPTY_BODY = YES;
				CLANG_WARN_ENUM_CONVERSION = YES;
				CLANG_WARN_INFINITE_RECURSION = YES;
				CLANG_WARN_INT_CONVERSION = YES;
				CLANG_WARN_NON_LITERAL_NULL_CONVERSION = YES;
				CLANG_WARN_OBJC_IMPLICIT_RETAIN_SELF = YES;
				CLANG_WARN_OBJC_LITERAL_CONVERSION = YES;
				CLANG_WARN_OBJC_ROOT_CLASS = YES_ERROR;
				CLANG_WARN_QUOTED_INCLUDE_IN_FRAMEWORK_HEADER = YES;
				CLANG_WARN_RANGE_LOOP_ANALYSIS = YES;
				CLANG_WARN_STRICT_PROTOTYPES = YES;
				CLANG_WARN_SUSPICIOUS_MOVE = YES;
				CLANG_WARN_UNGUARDED_AVAILABILITY = YES_AGGRESSIVE;
				CLANG_WARN_UNREACHABLE_CODE = YES;
				CLANG_WARN__DUPLICATE_METHOD_MATCH = YES;
				COPY_PHASE_STRIP = NO;
				DEBUG_INFORMATION_FORMAT = "dwarf-with-dsym";
				ENABLE_NS_ASSERTIONS = NO;
				ENABLE_STRICT_OBJC_MSGSEND = YES;
				ENABLE_USER_SCRIPT_SANDBOXING = YES;
				GCC_C_LANGUAGE_STANDARD = gnu17;
				GCC_NO_COMMON_BLOCKS = YES;
				GCC_WARN_64_TO_32_BIT_CONVERSION = YES;
				GCC_WARN_ABOUT_RETURN_TYPE = YES_ERROR;
				GCC_WARN_UNDECLARED_SELECTOR = YES;
				GCC_WARN_UNINITIALIZED_AUTOS = YES_AGGRESSIVE;
				GCC_WARN_UNUSED_FUNCTION = YES;
				GCC_WARN_UNUSED_VARIABLE = YES;
				IPHONEOS_DEPLOYMENT_TARGET = 15.6;
				LOCALIZATION_PREFERS_STRING_CATALOGS = YES;
				MTL_ENABLE_DEBUG_INFO = NO;
				MTL_FAST_MATH = YES;
				SDKROOT = iphoneos;
				SWIFT_COMPILATION_MODE = wholemodule;
				VALIDATE_PRODUCT = YES;
			};
			name = Release;
		};
		D4DFDECF2CA6105B006D5EDC /* Debug */ = {
			isa = XCBuildConfiguration;
			buildSettings = {
				ASSETCATALOG_COMPILER_APPICON_NAME = AppIcon;
				ASSETCATALOG_COMPILER_GLOBAL_ACCENT_COLOR_NAME = AccentColor;
				CODE_SIGN_STYLE = Automatic;
				CURRENT_PROJECT_VERSION = 1;
				DEVELOPMENT_ASSET_PATHS = "\"FairShare/Preview Content\"";
				DEVELOPMENT_TEAM = 5N289R4VJQ;
				ENABLE_PREVIEWS = YES;
				GENERATE_INFOPLIST_FILE = YES;
				INFOPLIST_FILE = FairShare/Info.plist;
				INFOPLIST_KEY_UIApplicationSceneManifest_Generation = YES;
				INFOPLIST_KEY_UIApplicationSupportsIndirectInputEvents = YES;
				INFOPLIST_KEY_UILaunchScreen_Generation = YES;
				INFOPLIST_KEY_UIStatusBarStyle = "";
				INFOPLIST_KEY_UISupportedInterfaceOrientations_iPad = "UIInterfaceOrientationPortrait UIInterfaceOrientationPortraitUpsideDown UIInterfaceOrientationLandscapeLeft UIInterfaceOrientationLandscapeRight";
				INFOPLIST_KEY_UISupportedInterfaceOrientations_iPhone = "UIInterfaceOrientationPortrait UIInterfaceOrientationLandscapeLeft UIInterfaceOrientationLandscapeRight";
				LD_RUNPATH_SEARCH_PATHS = (
					"$(inherited)",
					"@executable_path/Frameworks",
				);
				MARKETING_VERSION = 1.0;
				PRODUCT_BUNDLE_IDENTIFIER = kerimcivelek.FairShare;
				PRODUCT_NAME = "$(TARGET_NAME)";
				SWIFT_EMIT_LOC_STRINGS = YES;
				SWIFT_VERSION = 5.0;
				TARGETED_DEVICE_FAMILY = "1,2";
			};
			name = Debug;
		};
		D4DFDED02CA6105B006D5EDC /* Release */ = {
			isa = XCBuildConfiguration;
			buildSettings = {
				ASSETCATALOG_COMPILER_APPICON_NAME = AppIcon;
				ASSETCATALOG_COMPILER_GLOBAL_ACCENT_COLOR_NAME = AccentColor;
				CODE_SIGN_STYLE = Automatic;
				CURRENT_PROJECT_VERSION = 1;
				DEVELOPMENT_ASSET_PATHS = "\"FairShare/Preview Content\"";
				DEVELOPMENT_TEAM = 5N289R4VJQ;
				ENABLE_PREVIEWS = YES;
				GENERATE_INFOPLIST_FILE = YES;
				INFOPLIST_FILE = FairShare/Info.plist;
				INFOPLIST_KEY_UIApplicationSceneManifest_Generation = YES;
				INFOPLIST_KEY_UIApplicationSupportsIndirectInputEvents = YES;
				INFOPLIST_KEY_UILaunchScreen_Generation = YES;
				INFOPLIST_KEY_UIStatusBarStyle = "";
				INFOPLIST_KEY_UISupportedInterfaceOrientations_iPad = "UIInterfaceOrientationPortrait UIInterfaceOrientationPortraitUpsideDown UIInterfaceOrientationLandscapeLeft UIInterfaceOrientationLandscapeRight";
				INFOPLIST_KEY_UISupportedInterfaceOrientations_iPhone = "UIInterfaceOrientationPortrait UIInterfaceOrientationLandscapeLeft UIInterfaceOrientationLandscapeRight";
				LD_RUNPATH_SEARCH_PATHS = (
					"$(inherited)",
					"@executable_path/Frameworks",
				);
				MARKETING_VERSION = 1.0;
				PRODUCT_BUNDLE_IDENTIFIER = kerimcivelek.FairShare;
				PRODUCT_NAME = "$(TARGET_NAME)";
				SWIFT_EMIT_LOC_STRINGS = YES;
				SWIFT_VERSION = 5.0;
				TARGETED_DEVICE_FAMILY = "1,2";
			};
			name = Release;
		};
		D4DFDED22CA6105B006D5EDC /* Debug */ = {
			isa = XCBuildConfiguration;
			buildSettings = {
				BUNDLE_LOADER = "$(TEST_HOST)";
				CODE_SIGN_STYLE = Automatic;
				CURRENT_PROJECT_VERSION = 1;
				GENERATE_INFOPLIST_FILE = YES;
				IPHONEOS_DEPLOYMENT_TARGET = 18.0;
				MARKETING_VERSION = 1.0;
				PRODUCT_BUNDLE_IDENTIFIER = kerimcivelek.FairShareTests;
				PRODUCT_NAME = "$(TARGET_NAME)";
				SWIFT_EMIT_LOC_STRINGS = NO;
				SWIFT_VERSION = 5.0;
				TARGETED_DEVICE_FAMILY = "1,2";
				TEST_HOST = "$(BUILT_PRODUCTS_DIR)/FairShare.app/$(BUNDLE_EXECUTABLE_FOLDER_PATH)/FairShare";
			};
			name = Debug;
		};
		D4DFDED32CA6105B006D5EDC /* Release */ = {
			isa = XCBuildConfiguration;
			buildSettings = {
				BUNDLE_LOADER = "$(TEST_HOST)";
				CODE_SIGN_STYLE = Automatic;
				CURRENT_PROJECT_VERSION = 1;
				GENERATE_INFOPLIST_FILE = YES;
				IPHONEOS_DEPLOYMENT_TARGET = 18.0;
				MARKETING_VERSION = 1.0;
				PRODUCT_BUNDLE_IDENTIFIER = kerimcivelek.FairShareTests;
				PRODUCT_NAME = "$(TARGET_NAME)";
				SWIFT_EMIT_LOC_STRINGS = NO;
				SWIFT_VERSION = 5.0;
				TARGETED_DEVICE_FAMILY = "1,2";
				TEST_HOST = "$(BUILT_PRODUCTS_DIR)/FairShare.app/$(BUNDLE_EXECUTABLE_FOLDER_PATH)/FairShare";
			};
			name = Release;
		};
		D4DFDED52CA6105B006D5EDC /* Debug */ = {
			isa = XCBuildConfiguration;
			buildSettings = {
				CODE_SIGN_STYLE = Automatic;
				CURRENT_PROJECT_VERSION = 1;
				GENERATE_INFOPLIST_FILE = YES;
				MARKETING_VERSION = 1.0;
				PRODUCT_BUNDLE_IDENTIFIER = kerimcivelek.FairShareUITests;
				PRODUCT_NAME = "$(TARGET_NAME)";
				SWIFT_EMIT_LOC_STRINGS = NO;
				SWIFT_VERSION = 5.0;
				TARGETED_DEVICE_FAMILY = "1,2";
				TEST_TARGET_NAME = FairShare;
			};
			name = Debug;
		};
		D4DFDED62CA6105B006D5EDC /* Release */ = {
			isa = XCBuildConfiguration;
			buildSettings = {
				CODE_SIGN_STYLE = Automatic;
				CURRENT_PROJECT_VERSION = 1;
				GENERATE_INFOPLIST_FILE = YES;
				MARKETING_VERSION = 1.0;
				PRODUCT_BUNDLE_IDENTIFIER = kerimcivelek.FairShareUITests;
				PRODUCT_NAME = "$(TARGET_NAME)";
				SWIFT_EMIT_LOC_STRINGS = NO;
				SWIFT_VERSION = 5.0;
				TARGETED_DEVICE_FAMILY = "1,2";
				TEST_TARGET_NAME = FairShare;
			};
			name = Release;
		};
/* End XCBuildConfiguration section */

/* Begin XCConfigurationList section */
		D4DFDEA52CA61059006D5EDC /* Build configuration list for PBXProject "FairShare" */ = {
			isa = XCConfigurationList;
			buildConfigurations = (
				D4DFDECC2CA6105B006D5EDC /* Debug */,
				D4DFDECD2CA6105B006D5EDC /* Release */,
			);
			defaultConfigurationIsVisible = 0;
			defaultConfigurationName = Release;
		};
		D4DFDECE2CA6105B006D5EDC /* Build configuration list for PBXNativeTarget "FairShare" */ = {
			isa = XCConfigurationList;
			buildConfigurations = (
				D4DFDECF2CA6105B006D5EDC /* Debug */,
				D4DFDED02CA6105B006D5EDC /* Release */,
			);
			defaultConfigurationIsVisible = 0;
			defaultConfigurationName = Release;
		};
		D4DFDED12CA6105B006D5EDC /* Build configuration list for PBXNativeTarget "FairShareTests" */ = {
			isa = XCConfigurationList;
			buildConfigurations = (
				D4DFDED22CA6105B006D5EDC /* Debug */,
				D4DFDED32CA6105B006D5EDC /* Release */,
			);
			defaultConfigurationIsVisible = 0;
			defaultConfigurationName = Release;
		};
		D4DFDED42CA6105B006D5EDC /* Build configuration list for PBXNativeTarget "FairShareUITests" */ = {
			isa = XCConfigurationList;
			buildConfigurations = (
				D4DFDED52CA6105B006D5EDC /* Debug */,
				D4DFDED62CA6105B006D5EDC /* Release */,
			);
			defaultConfigurationIsVisible = 0;
			defaultConfigurationName = Release;
		};
/* End XCConfigurationList section */

/* Begin XCRemoteSwiftPackageReference section */
		D45C21122CB4979D00AA68B7 /* XCRemoteSwiftPackageReference "firebase-ios-sdk" */ = {
			isa = XCRemoteSwiftPackageReference;
			repositoryURL = "https://github.com/firebase/firebase-ios-sdk";
			requirement = {
				kind = upToNextMajorVersion;
				minimumVersion = 11.3.0;
			};
		};
/* End XCRemoteSwiftPackageReference section */

/* Begin XCSwiftPackageProductDependency section */
		D45C21132CB4979D00AA68B7 /* FirebaseAnalytics */ = {
			isa = XCSwiftPackageProductDependency;
			package = D45C21122CB4979D00AA68B7 /* XCRemoteSwiftPackageReference "firebase-ios-sdk" */;
			productName = FirebaseAnalytics;
		};
		D45C21152CB4979D00AA68B7 /* FirebaseAnalyticsOnDeviceConversion */ = {
			isa = XCSwiftPackageProductDependency;
			package = D45C21122CB4979D00AA68B7 /* XCRemoteSwiftPackageReference "firebase-ios-sdk" */;
			productName = FirebaseAnalyticsOnDeviceConversion;
		};
		D45C21172CB4979D00AA68B7 /* FirebaseAnalyticsWithoutAdIdSupport */ = {
			isa = XCSwiftPackageProductDependency;
			package = D45C21122CB4979D00AA68B7 /* XCRemoteSwiftPackageReference "firebase-ios-sdk" */;
			productName = FirebaseAnalyticsWithoutAdIdSupport;
		};
		D45C21192CB4979D00AA68B7 /* FirebaseAppCheck */ = {
			isa = XCSwiftPackageProductDependency;
			package = D45C21122CB4979D00AA68B7 /* XCRemoteSwiftPackageReference "firebase-ios-sdk" */;
			productName = FirebaseAppCheck;
		};
		D45C211B2CB4979D00AA68B7 /* FirebaseAppDistribution-Beta */ = {
			isa = XCSwiftPackageProductDependency;
			package = D45C21122CB4979D00AA68B7 /* XCRemoteSwiftPackageReference "firebase-ios-sdk" */;
			productName = "FirebaseAppDistribution-Beta";
		};
		D45C211D2CB4979D00AA68B7 /* FirebaseAuth */ = {
			isa = XCSwiftPackageProductDependency;
			package = D45C21122CB4979D00AA68B7 /* XCRemoteSwiftPackageReference "firebase-ios-sdk" */;
			productName = FirebaseAuth;
		};
		D45C211F2CB4979D00AA68B7 /* FirebaseAuthCombine-Community */ = {
			isa = XCSwiftPackageProductDependency;
			package = D45C21122CB4979D00AA68B7 /* XCRemoteSwiftPackageReference "firebase-ios-sdk" */;
			productName = "FirebaseAuthCombine-Community";
		};
		D45C21212CB4979D00AA68B7 /* FirebaseCore */ = {
			isa = XCSwiftPackageProductDependency;
			package = D45C21122CB4979D00AA68B7 /* XCRemoteSwiftPackageReference "firebase-ios-sdk" */;
			productName = FirebaseCore;
		};
		D45C21232CB4979D00AA68B7 /* FirebaseCrashlytics */ = {
			isa = XCSwiftPackageProductDependency;
			package = D45C21122CB4979D00AA68B7 /* XCRemoteSwiftPackageReference "firebase-ios-sdk" */;
			productName = FirebaseCrashlytics;
		};
		D45C21252CB4979D00AA68B7 /* FirebaseDatabase */ = {
			isa = XCSwiftPackageProductDependency;
			package = D45C21122CB4979D00AA68B7 /* XCRemoteSwiftPackageReference "firebase-ios-sdk" */;
			productName = FirebaseDatabase;
		};
		D45C21272CB4979D00AA68B7 /* FirebaseDynamicLinks */ = {
			isa = XCSwiftPackageProductDependency;
			package = D45C21122CB4979D00AA68B7 /* XCRemoteSwiftPackageReference "firebase-ios-sdk" */;
			productName = FirebaseDynamicLinks;
		};
		D45C21292CB4979D00AA68B7 /* FirebaseFirestore */ = {
			isa = XCSwiftPackageProductDependency;
			package = D45C21122CB4979D00AA68B7 /* XCRemoteSwiftPackageReference "firebase-ios-sdk" */;
			productName = FirebaseFirestore;
		};
		D45C212B2CB4979D00AA68B7 /* FirebaseFirestoreCombine-Community */ = {
			isa = XCSwiftPackageProductDependency;
			package = D45C21122CB4979D00AA68B7 /* XCRemoteSwiftPackageReference "firebase-ios-sdk" */;
			productName = "FirebaseFirestoreCombine-Community";
		};
		D45C212D2CB4979D00AA68B7 /* FirebaseFunctions */ = {
			isa = XCSwiftPackageProductDependency;
			package = D45C21122CB4979D00AA68B7 /* XCRemoteSwiftPackageReference "firebase-ios-sdk" */;
			productName = FirebaseFunctions;
		};
		D45C212F2CB4979D00AA68B7 /* FirebaseFunctionsCombine-Community */ = {
			isa = XCSwiftPackageProductDependency;
			package = D45C21122CB4979D00AA68B7 /* XCRemoteSwiftPackageReference "firebase-ios-sdk" */;
			productName = "FirebaseFunctionsCombine-Community";
		};
		D45C21312CB4979D00AA68B7 /* FirebaseInAppMessaging-Beta */ = {
			isa = XCSwiftPackageProductDependency;
			package = D45C21122CB4979D00AA68B7 /* XCRemoteSwiftPackageReference "firebase-ios-sdk" */;
			productName = "FirebaseInAppMessaging-Beta";
		};
		D45C21332CB4979D00AA68B7 /* FirebaseInstallations */ = {
			isa = XCSwiftPackageProductDependency;
			package = D45C21122CB4979D00AA68B7 /* XCRemoteSwiftPackageReference "firebase-ios-sdk" */;
			productName = FirebaseInstallations;
		};
		D45C21352CB4979D00AA68B7 /* FirebaseMLModelDownloader */ = {
			isa = XCSwiftPackageProductDependency;
			package = D45C21122CB4979D00AA68B7 /* XCRemoteSwiftPackageReference "firebase-ios-sdk" */;
			productName = FirebaseMLModelDownloader;
		};
		D45C21372CB4979D00AA68B7 /* FirebaseMessaging */ = {
			isa = XCSwiftPackageProductDependency;
			package = D45C21122CB4979D00AA68B7 /* XCRemoteSwiftPackageReference "firebase-ios-sdk" */;
			productName = FirebaseMessaging;
		};
		D45C21392CB4979D00AA68B7 /* FirebasePerformance */ = {
			isa = XCSwiftPackageProductDependency;
			package = D45C21122CB4979D00AA68B7 /* XCRemoteSwiftPackageReference "firebase-ios-sdk" */;
			productName = FirebasePerformance;
		};
		D45C213B2CB4979D00AA68B7 /* FirebaseRemoteConfig */ = {
			isa = XCSwiftPackageProductDependency;
			package = D45C21122CB4979D00AA68B7 /* XCRemoteSwiftPackageReference "firebase-ios-sdk" */;
			productName = FirebaseRemoteConfig;
		};
		D45C213D2CB4979D00AA68B7 /* FirebaseStorage */ = {
			isa = XCSwiftPackageProductDependency;
			package = D45C21122CB4979D00AA68B7 /* XCRemoteSwiftPackageReference "firebase-ios-sdk" */;
			productName = FirebaseStorage;
		};
		D45C213F2CB4979D00AA68B7 /* FirebaseStorageCombine-Community */ = {
			isa = XCSwiftPackageProductDependency;
			package = D45C21122CB4979D00AA68B7 /* XCRemoteSwiftPackageReference "firebase-ios-sdk" */;
			productName = "FirebaseStorageCombine-Community";
		};
		D45C21412CB4979D00AA68B7 /* FirebaseVertexAI-Preview */ = {
			isa = XCSwiftPackageProductDependency;
			package = D45C21122CB4979D00AA68B7 /* XCRemoteSwiftPackageReference "firebase-ios-sdk" */;
			productName = "FirebaseVertexAI-Preview";
		};
/* End XCSwiftPackageProductDependency section */
	};
	rootObject = D4DFDEA22CA61059006D5EDC /* Project object */;
}
